
Microsoft Visual Studio Solution File, Format Version 12.00
# Visual Studio 2013
VisualStudioVersion = 12.0.31101.0
MinimumVisualStudioVersion = 10.0.40219.1
Project("{8BC9CEB8-8B4A-11D0-8D11-00A0C91BC942}") = "Textures", "Textures\Textures.vcxproj", "{5D839C7A-4A2D-410A-928E-3E58A21B528D}"
EndProject
Global
	GlobalSection(SolutionConfigurationPlatforms) = preSolution
		Debug|Win32 = Debug|Win32
		Release|Win32 = Release|Win32
	EndGlobalSection
	GlobalSection(ProjectConfigurationPlatforms) = postSolution
		{5D839C7A-4A2D-410A-928E-3E58A21B528D}.Debug|Win32.ActiveCfg = Debug|Win32
		{5D839C7A-4A2D-410A-928E-3E58A21B528D}.Debug|Win32.Build.0 = Debug|Win32
		{5D839C7A-4A2D-410A-928E-3E58A21B528D}.Release|Win32.ActiveCfg = Release|Win32
		{5D839C7A-4A2D-410A-928E-3E58A21B528D}.Release|Win32.Build.0 = Release|Win32
	EndGlobalSection
	GlobalSection(SolutionProperties) = preSolution
		HideSolutionNode = FALSE
	EndGlobalSection
EndGlobal
